
Microsoft Visual Studio Solution File, Format Version 12.00
# Visual Studio Version 17
VisualStudioVersion = 17.6.33815.320
MinimumVisualStudioVersion = 10.0.40219.1
Project("{9A19103F-16F7-4668-BE54-9A1E7A4F7556}") = "ML", "ML\ML.csproj", "{2BB03C79-53D7-4EBD-8AED-E5FDE9B2CA14}"
EndProject
Project("{9A19103F-16F7-4668-BE54-9A1E7A4F7556}") = "BL", "BL\BL.csproj", "{7D563C0D-3A92-4C5B-9465-04071710A4F9}"
EndProject
Project("{FAE04EC0-301F-11D3-BF4B-00C04F79EFBC}") = "SL", "SL\SL.csproj", "{87761C9C-BB93-46AE-865E-73C493B60714}"
EndProject
Global
	GlobalSection(SolutionConfigurationPlatforms) = preSolution
		Debug|Any CPU = Debug|Any CPU
		Release|Any CPU = Release|Any CPU
	EndGlobalSection
	GlobalSection(ProjectConfigurationPlatforms) = postSolution
		{2BB03C79-53D7-4EBD-8AED-E5FDE9B2CA14}.Debug|Any CPU.ActiveCfg = Debug|Any CPU
		{2BB03C79-53D7-4EBD-8AED-E5FDE9B2CA14}.Debug|Any CPU.Build.0 = Debug|Any CPU
		{2BB03C79-53D7-4EBD-8AED-E5FDE9B2CA14}.Release|Any CPU.ActiveCfg = Release|Any CPU
		{2BB03C79-53D7-4EBD-8AED-E5FDE9B2CA14}.Release|Any CPU.Build.0 = Release|Any CPU
		{7D563C0D-3A92-4C5B-9465-04071710A4F9}.Debug|Any CPU.ActiveCfg = Debug|Any CPU
		{7D563C0D-3A92-4C5B-9465-04071710A4F9}.Debug|Any CPU.Build.0 = Debug|Any CPU
		{7D563C0D-3A92-4C5B-9465-04071710A4F9}.Release|Any CPU.ActiveCfg = Release|Any CPU
		{7D563C0D-3A92-4C5B-9465-04071710A4F9}.Release|Any CPU.Build.0 = Release|Any CPU
		{87761C9C-BB93-46AE-865E-73C493B60714}.Debug|Any CPU.ActiveCfg = Debug|Any CPU
		{87761C9C-BB93-46AE-865E-73C493B60714}.Debug|Any CPU.Build.0 = Debug|Any CPU
		{87761C9C-BB93-46AE-865E-73C493B60714}.Release|Any CPU.ActiveCfg = Release|Any CPU
		{87761C9C-BB93-46AE-865E-73C493B60714}.Release|Any CPU.Build.0 = Release|Any CPU
	EndGlobalSection
	GlobalSection(SolutionProperties) = preSolution
		HideSolutionNode = FALSE
	EndGlobalSection
	GlobalSection(ExtensibilityGlobals) = postSolution
		SolutionGuid = {647BDA06-D38D-48C0-B4BD-214507FFEB3A}
	EndGlobalSection
EndGlobal
